
Microsoft Visual Studio Solution File, Format Version 12.00
# Visual Studio Version 17
VisualStudioVersion = 17.14.35906.104
MinimumVisualStudioVersion = 10.0.40219.1
Project("{FAE04EC0-301F-11D3-BF4B-00C04F79EFBC}") = "PersistenciaService", "PersistenciaService\PersistenciaService.csproj", "{6736E518-DD91-42D7-AD01-B5C5508DC00E}"
EndProject
Project("{FAE04EC0-301F-11D3-BF4B-00C04F79EFBC}") = "TechChallenge.Shared", "..\TechChallenge.Shared\TechChallenge.Shared\TechChallenge.Shared.csproj", "{4C297C91-C107-4ED4-6ED2-3D04D09C7A3C}"
EndProject
Project("{FAE04EC0-301F-11D3-BF4B-00C04F79EFBC}") = "PersistenciaService.Tests", "PersistenciaService.Tests\PersistenciaService.Tests.csproj", "{740CA372-A624-46EA-BC05-4597C83A9E4A}"
EndProject
Global
	GlobalSection(SolutionConfigurationPlatforms) = preSolution
		Debug|Any CPU = Debug|Any CPU
		Release|Any CPU = Release|Any CPU
	EndGlobalSection
	GlobalSection(ProjectConfigurationPlatforms) = postSolution
		{6736E518-DD91-42D7-AD01-B5C5508DC00E}.Debug|Any CPU.ActiveCfg = Debug|Any CPU
		{6736E518-DD91-42D7-AD01-B5C5508DC00E}.Debug|Any CPU.Build.0 = Debug|Any CPU
		{6736E518-DD91-42D7-AD01-B5C5508DC00E}.Release|Any CPU.ActiveCfg = Release|Any CPU
		{6736E518-DD91-42D7-AD01-B5C5508DC00E}.Release|Any CPU.Build.0 = Release|Any CPU
		{4C297C91-C107-4ED4-6ED2-3D04D09C7A3C}.Debug|Any CPU.ActiveCfg = Debug|Any CPU
		{4C297C91-C107-4ED4-6ED2-3D04D09C7A3C}.Debug|Any CPU.Build.0 = Debug|Any CPU
		{4C297C91-C107-4ED4-6ED2-3D04D09C7A3C}.Release|Any CPU.ActiveCfg = Release|Any CPU
		{4C297C91-C107-4ED4-6ED2-3D04D09C7A3C}.Release|Any CPU.Build.0 = Release|Any CPU
		{740CA372-A624-46EA-BC05-4597C83A9E4A}.Debug|Any CPU.ActiveCfg = Debug|Any CPU
		{740CA372-A624-46EA-BC05-4597C83A9E4A}.Debug|Any CPU.Build.0 = Debug|Any CPU
		{740CA372-A624-46EA-BC05-4597C83A9E4A}.Release|Any CPU.ActiveCfg = Release|Any CPU
		{740CA372-A624-46EA-BC05-4597C83A9E4A}.Release|Any CPU.Build.0 = Release|Any CPU
	EndGlobalSection
	GlobalSection(SolutionProperties) = preSolution
		HideSolutionNode = FALSE
	EndGlobalSection
	GlobalSection(ExtensibilityGlobals) = postSolution
		SolutionGuid = {99AB3A5B-BAB3-43CC-B74F-ED41FF1E0F01}
	EndGlobalSection
EndGlobal
